
Microsoft Visual Studio Solution File, Format Version 12.00
# Visual Studio 14
VisualStudioVersion = 14.0.25420.1
MinimumVisualStudioVersion = 10.0.40219.1
Project("{FAE04EC0-301F-11D3-BF4B-00C04F79EFBC}") = "larnNaylah", "larnNaylah\larnNaylah\larnNaylah.csproj", "{9C2AD5BA-A19E-431F-85B2-656FCE4AA45B}"
EndProject
Project("{FAE04EC0-301F-11D3-BF4B-00C04F79EFBC}") = "larnNaylah.Droid", "larnNaylah\larnNaylah.Droid\larnNaylah.Droid.csproj", "{4E440CDF-0071-4843-8FF0-038FFFD8F285}"
EndProject
Project("{FAE04EC0-301F-11D3-BF4B-00C04F79EFBC}") = "larnNaylah.iOS", "larnNaylah\larnNaylah.iOS\larnNaylah.iOS.csproj", "{C2995FC9-11FE-4A6B-A47A-7FAB37863C0E}"
EndProject
Global
	GlobalSection(SolutionConfigurationPlatforms) = preSolution
		Ad-Hoc|Any CPU = Ad-Hoc|Any CPU
		Ad-Hoc|ARM = Ad-Hoc|ARM
		Ad-Hoc|iPhone = Ad-Hoc|iPhone
		Ad-Hoc|iPhoneSimulator = Ad-Hoc|iPhoneSimulator
		Ad-Hoc|x64 = Ad-Hoc|x64
		Ad-Hoc|x86 = Ad-Hoc|x86
		AppStore|Any CPU = AppStore|Any CPU
		AppStore|ARM = AppStore|ARM
		AppStore|iPhone = AppStore|iPhone
		AppStore|iPhoneSimulator = AppStore|iPhoneSimulator
		AppStore|x64 = AppStore|x64
		AppStore|x86 = AppStore|x86
		Debug|Any CPU = Debug|Any CPU
		Debug|ARM = Debug|ARM
		Debug|iPhone = Debug|iPhone
		Debug|iPhoneSimulator = Debug|iPhoneSimulator
		Debug|x64 = Debug|x64
		Debug|x86 = Debug|x86
		Release|Any CPU = Release|Any CPU
		Release|ARM = Release|ARM
		Release|iPhone = Release|iPhone
		Release|iPhoneSimulator = Release|iPhoneSimulator
		Release|x64 = Release|x64
		Release|x86 = Release|x86
	EndGlobalSection
	GlobalSection(ProjectConfigurationPlatforms) = postSolution
		{9C2AD5BA-A19E-431F-85B2-656FCE4AA45B}.Ad-Hoc|Any CPU.ActiveCfg = Release|Any CPU
		{9C2AD5BA-A19E-431F-85B2-656FCE4AA45B}.Ad-Hoc|Any CPU.Build.0 = Release|Any CPU
		{9C2AD5BA-A19E-431F-85B2-656FCE4AA45B}.Ad-Hoc|ARM.ActiveCfg = Release|Any CPU
		{9C2AD5BA-A19E-431F-85B2-656FCE4AA45B}.Ad-Hoc|ARM.Build.0 = Release|Any CPU
		{9C2AD5BA-A19E-431F-85B2-656FCE4AA45B}.Ad-Hoc|iPhone.ActiveCfg = Release|Any CPU
		{9C2AD5BA-A19E-431F-85B2-656FCE4AA45B}.Ad-Hoc|iPhone.Build.0 = Release|Any CPU
		{9C2AD5BA-A19E-431F-85B2-656FCE4AA45B}.Ad-Hoc|iPhoneSimulator.ActiveCfg = Release|Any CPU
		{9C2AD5BA-A19E-431F-85B2-656FCE4AA45B}.Ad-Hoc|iPhoneSimulator.Build.0 = Release|Any CPU
		{9C2AD5BA-A19E-431F-85B2-656FCE4AA45B}.Ad-Hoc|x64.ActiveCfg = Release|Any CPU
		{9C2AD5BA-A19E-431F-85B2-656FCE4AA45B}.Ad-Hoc|x64.Build.0 = Release|Any CPU
		{9C2AD5BA-A19E-431F-85B2-656FCE4AA45B}.Ad-Hoc|x86.ActiveCfg = Release|Any CPU
		{9C2AD5BA-A19E-431F-85B2-656FCE4AA45B}.Ad-Hoc|x86.Build.0 = Release|Any CPU
		{9C2AD5BA-A19E-431F-85B2-656FCE4AA45B}.AppStore|Any CPU.ActiveCfg = Release|Any CPU
		{9C2AD5BA-A19E-431F-85B2-656FCE4AA45B}.AppStore|Any CPU.Build.0 = Release|Any CPU
		{9C2AD5BA-A19E-431F-85B2-656FCE4AA45B}.AppStore|ARM.ActiveCfg = Release|Any CPU
		{9C2AD5BA-A19E-431F-85B2-656FCE4AA45B}.AppStore|ARM.Build.0 = Release|Any CPU
		{9C2AD5BA-A19E-431F-85B2-656FCE4AA45B}.AppStore|iPhone.ActiveCfg = Release|Any CPU
		{9C2AD5BA-A19E-431F-85B2-656FCE4AA45B}.AppStore|iPhone.Build.0 = Release|Any CPU
		{9C2AD5BA-A19E-431F-85B2-656FCE4AA45B}.AppStore|iPhoneSimulator.ActiveCfg = Release|Any CPU
		{9C2AD5BA-A19E-431F-85B2-656FCE4AA45B}.AppStore|iPhoneSimulator.Build.0 = Release|Any CPU
		{9C2AD5BA-A19E-431F-85B2-656FCE4AA45B}.AppStore|x64.ActiveCfg = Release|Any CPU
		{9C2AD5BA-A19E-431F-85B2-656FCE4AA45B}.AppStore|x64.Build.0 = Release|Any CPU
		{9C2AD5BA-A19E-431F-85B2-656FCE4AA45B}.AppStore|x86.ActiveCfg = Release|Any CPU
		{9C2AD5BA-A19E-431F-85B2-656FCE4AA45B}.AppStore|x86.Build.0 = Release|Any CPU
		{9C2AD5BA-A19E-431F-85B2-656FCE4AA45B}.Debug|Any CPU.ActiveCfg = Debug|Any CPU
		{9C2AD5BA-A19E-431F-85B2-656FCE4AA45B}.Debug|Any CPU.Build.0 = Debug|Any CPU
		{9C2AD5BA-A19E-431F-85B2-656FCE4AA45B}.Debug|ARM.ActiveCfg = Debug|Any CPU
		{9C2AD5BA-A19E-431F-85B2-656FCE4AA45B}.Debug|ARM.Build.0 = Debug|Any CPU
		{9C2AD5BA-A19E-431F-85B2-656FCE4AA45B}.Debug|iPhone.ActiveCfg = Debug|Any CPU
		{9C2AD5BA-A19E-431F-85B2-656FCE4AA45B}.Debug|iPhone.Build.0 = Debug|Any CPU
		{9C2AD5BA-A19E-431F-85B2-656FCE4AA45B}.Debug|iPhoneSimulator.ActiveCfg = Debug|Any CPU
		{9C2AD5BA-A19E-431F-85B2-656FCE4AA45B}.Debug|iPhoneSimulator.Build.0 = Debug|Any CPU
		{9C2AD5BA-A19E-431F-85B2-656FCE4AA45B}.Debug|x64.ActiveCfg = Debug|Any CPU
		{9C2AD5BA-A19E-431F-85B2-656FCE4AA45B}.Debug|x64.Build.0 = Debug|Any CPU
		{9C2AD5BA-A19E-431F-85B2-656FCE4AA45B}.Debug|x86.ActiveCfg = Debug|Any CPU
		{9C2AD5BA-A19E-431F-85B2-656FCE4AA45B}.Debug|x86.Build.0 = Debug|Any CPU
		{9C2AD5BA-A19E-431F-85B2-656FCE4AA45B}.Release|Any CPU.ActiveCfg = Release|Any CPU
		{9C2AD5BA-A19E-431F-85B2-656FCE4AA45B}.Release|Any CPU.Build.0 = Release|Any CPU
		{9C2AD5BA-A19E-431F-85B2-656FCE4AA45B}.Release|ARM.ActiveCfg = Release|Any CPU
		{9C2AD5BA-A19E-431F-85B2-656FCE4AA45B}.Release|ARM.Build.0 = Release|Any CPU
		{9C2AD5BA-A19E-431F-85B2-656FCE4AA45B}.Release|iPhone.ActiveCfg = Release|Any CPU
		{9C2AD5BA-A19E-431F-85B2-656FCE4AA45B}.Release|iPhone.Build.0 = Release|Any CPU
		{9C2AD5BA-A19E-431F-85B2-656FCE4AA45B}.Release|iPhoneSimulator.ActiveCfg = Release|Any CPU
		{9C2AD5BA-A19E-431F-85B2-656FCE4AA45B}.Release|iPhoneSimulator.Build.0 = Release|Any CPU
		{9C2AD5BA-A19E-431F-85B2-656FCE4AA45B}.Release|x64.ActiveCfg = Release|Any CPU
		{9C2AD5BA-A19E-431F-85B2-656FCE4AA45B}.Release|x64.Build.0 = Release|Any CPU
		{9C2AD5BA-A19E-431F-85B2-656FCE4AA45B}.Release|x86.ActiveCfg = Release|Any CPU
		{9C2AD5BA-A19E-431F-85B2-656FCE4AA45B}.Release|x86.Build.0 = Release|Any CPU
		{4E440CDF-0071-4843-8FF0-038FFFD8F285}.Ad-Hoc|Any CPU.ActiveCfg = Release|Any CPU
		{4E440CDF-0071-4843-8FF0-038FFFD8F285}.Ad-Hoc|Any CPU.Build.0 = Release|Any CPU
		{4E440CDF-0071-4843-8FF0-038FFFD8F285}.Ad-Hoc|Any CPU.Deploy.0 = Release|Any CPU
		{4E440CDF-0071-4843-8FF0-038FFFD8F285}.Ad-Hoc|ARM.ActiveCfg = Release|Any CPU
		{4E440CDF-0071-4843-8FF0-038FFFD8F285}.Ad-Hoc|ARM.Build.0 = Release|Any CPU
		{4E440CDF-0071-4843-8FF0-038FFFD8F285}.Ad-Hoc|ARM.Deploy.0 = Release|Any CPU
		{4E440CDF-0071-4843-8FF0-038FFFD8F285}.Ad-Hoc|iPhone.ActiveCfg = Release|Any CPU
		{4E440CDF-0071-4843-8FF0-038FFFD8F285}.Ad-Hoc|iPhone.Build.0 = Release|Any CPU
		{4E440CDF-0071-4843-8FF0-038FFFD8F285}.Ad-Hoc|iPhone.Deploy.0 = Release|Any CPU
		{4E440CDF-0071-4843-8FF0-038FFFD8F285}.Ad-Hoc|iPhoneSimulator.ActiveCfg = Release|Any CPU
		{4E440CDF-0071-4843-8FF0-038FFFD8F285}.Ad-Hoc|iPhoneSimulator.Build.0 = Release|Any CPU
		{4E440CDF-0071-4843-8FF0-038FFFD8F285}.Ad-Hoc|iPhoneSimulator.Deploy.0 = Release|Any CPU
		{4E440CDF-0071-4843-8FF0-038FFFD8F285}.Ad-Hoc|x64.ActiveCfg = Release|Any CPU
		{4E440CDF-0071-4843-8FF0-038FFFD8F285}.Ad-Hoc|x64.Build.0 = Release|Any CPU
		{4E440CDF-0071-4843-8FF0-038FFFD8F285}.Ad-Hoc|x64.Deploy.0 = Release|Any CPU
		{4E440CDF-0071-4843-8FF0-038FFFD8F285}.Ad-Hoc|x86.ActiveCfg = Release|Any CPU
		{4E440CDF-0071-4843-8FF0-038FFFD8F285}.Ad-Hoc|x86.Build.0 = Release|Any CPU
		{4E440CDF-0071-4843-8FF0-038FFFD8F285}.Ad-Hoc|x86.Deploy.0 = Release|Any CPU
		{4E440CDF-0071-4843-8FF0-038FFFD8F285}.AppStore|Any CPU.ActiveCfg = Release|Any CPU
		{4E440CDF-0071-4843-8FF0-038FFFD8F285}.AppStore|Any CPU.Build.0 = Release|Any CPU
		{4E440CDF-0071-4843-8FF0-038FFFD8F285}.AppStore|Any CPU.Deploy.0 = Release|Any CPU
		{4E440CDF-0071-4843-8FF0-038FFFD8F285}.AppStore|ARM.ActiveCfg = Release|Any CPU
		{4E440CDF-0071-4843-8FF0-038FFFD8F285}.AppStore|ARM.Build.0 = Release|Any CPU
		{4E440CDF-0071-4843-8FF0-038FFFD8F285}.AppStore|ARM.Deploy.0 = Release|Any CPU
		{4E440CDF-0071-4843-8FF0-038FFFD8F285}.AppStore|iPhone.ActiveCfg = Release|Any CPU
		{4E440CDF-0071-4843-8FF0-038FFFD8F285}.AppStore|iPhone.Build.0 = Release|Any CPU
		{4E440CDF-0071-4843-8FF0-038FFFD8F285}.AppStore|iPhone.Deploy.0 = Release|Any CPU
		{4E440CDF-0071-4843-8FF0-038FFFD8F285}.AppStore|iPhoneSimulator.ActiveCfg = Release|Any CPU
		{4E440CDF-0071-4843-8FF0-038FFFD8F285}.AppStore|iPhoneSimulator.Build.0 = Release|Any CPU
		{4E440CDF-0071-4843-8FF0-038FFFD8F285}.AppStore|iPhoneSimulator.Deploy.0 = Release|Any CPU
		{4E440CDF-0071-4843-8FF0-038FFFD8F285}.AppStore|x64.ActiveCfg = Release|Any CPU
		{4E440CDF-0071-4843-8FF0-038FFFD8F285}.AppStore|x64.Build.0 = Release|Any CPU
		{4E440CDF-0071-4843-8FF0-038FFFD8F285}.AppStore|x64.Deploy.0 = Release|Any CPU
		{4E440CDF-0071-4843-8FF0-038FFFD8F285}.AppStore|x86.ActiveCfg = Release|Any CPU
		{4E440CDF-0071-4843-8FF0-038FFFD8F285}.AppStore|x86.Build.0 = Release|Any CPU
		{4E440CDF-0071-4843-8FF0-038FFFD8F285}.AppStore|x86.Deploy.0 = Release|Any CPU
		{4E440CDF-0071-4843-8FF0-038FFFD8F285}.Debug|Any CPU.ActiveCfg = Debug|Any CPU
		{4E440CDF-0071-4843-8FF0-038FFFD8F285}.Debug|Any CPU.Build.0 = Debug|Any CPU
		{4E440CDF-0071-4843-8FF0-038FFFD8F285}.Debug|Any CPU.Deploy.0 = Debug|Any CPU
		{4E440CDF-0071-4843-8FF0-038FFFD8F285}.Debug|ARM.ActiveCfg = Debug|Any CPU
		{4E440CDF-0071-4843-8FF0-038FFFD8F285}.Debug|ARM.Build.0 = Debug|Any CPU
		{4E440CDF-0071-4843-8FF0-038FFFD8F285}.Debug|ARM.Deploy.0 = Debug|Any CPU
		{4E440CDF-0071-4843-8FF0-038FFFD8F285}.Debug|iPhone.ActiveCfg = Debug|Any CPU
		{4E440CDF-0071-4843-8FF0-038FFFD8F285}.Debug|iPhone.Build.0 = Debug|Any CPU
		{4E440CDF-0071-4843-8FF0-038FFFD8F285}.Debug|iPhone.Deploy.0 = Debug|Any CPU
		{4E440CDF-0071-4843-8FF0-038FFFD8F285}.Debug|iPhoneSimulator.ActiveCfg = Debug|Any CPU
		{4E440CDF-0071-4843-8FF0-038FFFD8F285}.Debug|iPhoneSimulator.Build.0 = Debug|Any CPU
		{4E440CDF-0071-4843-8FF0-038FFFD8F285}.Debug|iPhoneSimulator.Deploy.0 = Debug|Any CPU
		{4E440CDF-0071-4843-8FF0-038FFFD8F285}.Debug|x64.ActiveCfg = Debug|Any CPU
		{4E440CDF-0071-4843-8FF0-038FFFD8F285}.Debug|x64.Build.0 = Debug|Any CPU
		{4E440CDF-0071-4843-8FF0-038FFFD8F285}.Debug|x64.Deploy.0 = Debug|Any CPU
		{4E440CDF-0071-4843-8FF0-038FFFD8F285}.Debug|x86.ActiveCfg = Debug|Any CPU
		{4E440CDF-0071-4843-8FF0-038FFFD8F285}.Debug|x86.Build.0 = Debug|Any CPU
		{4E440CDF-0071-4843-8FF0-038FFFD8F285}.Debug|x86.Deploy.0 = Debug|Any CPU
		{4E440CDF-0071-4843-8FF0-038FFFD8F285}.Release|Any CPU.ActiveCfg = Release|Any CPU
		{4E440CDF-0071-4843-8FF0-038FFFD8F285}.Release|Any CPU.Build.0 = Release|Any CPU
		{4E440CDF-0071-4843-8FF0-038FFFD8F285}.Release|Any CPU.Deploy.0 = Release|Any CPU
		{4E440CDF-0071-4843-8FF0-038FFFD8F285}.Release|ARM.ActiveCfg = Release|Any CPU
		{4E440CDF-0071-4843-8FF0-038FFFD8F285}.Release|ARM.Build.0 = Release|Any CPU
		{4E440CDF-0071-4843-8FF0-038FFFD8F285}.Release|ARM.Deploy.0 = Release|Any CPU
		{4E440CDF-0071-4843-8FF0-038FFFD8F285}.Release|iPhone.ActiveCfg = Release|Any CPU
		{4E440CDF-0071-4843-8FF0-038FFFD8F285}.Release|iPhone.Build.0 = Release|Any CPU
		{4E440CDF-0071-4843-8FF0-038FFFD8F285}.Release|iPhone.Deploy.0 = Release|Any CPU
		{4E440CDF-0071-4843-8FF0-038FFFD8F285}.Release|iPhoneSimulator.ActiveCfg = Release|Any CPU
		{4E440CDF-0071-4843-8FF0-038FFFD8F285}.Release|iPhoneSimulator.Build.0 = Release|Any CPU
		{4E440CDF-0071-4843-8FF0-038FFFD8F285}.Release|iPhoneSimulator.Deploy.0 = Release|Any CPU
		{4E440CDF-0071-4843-8FF0-038FFFD8F285}.Release|x64.ActiveCfg = Release|Any CPU
		{4E440CDF-0071-4843-8FF0-038FFFD8F285}.Release|x64.Build.0 = Release|Any CPU
		{4E440CDF-0071-4843-8FF0-038FFFD8F285}.Release|x64.Deploy.0 = Release|Any CPU
		{4E440CDF-0071-4843-8FF0-038FFFD8F285}.Release|x86.ActiveCfg = Release|Any CPU
		{4E440CDF-0071-4843-8FF0-038FFFD8F285}.Release|x86.Build.0 = Release|Any CPU
		{4E440CDF-0071-4843-8FF0-038FFFD8F285}.Release|x86.Deploy.0 = Release|Any CPU
		{C2995FC9-11FE-4A6B-A47A-7FAB37863C0E}.Ad-Hoc|Any CPU.ActiveCfg = Ad-Hoc|iPhone
		{C2995FC9-11FE-4A6B-A47A-7FAB37863C0E}.Ad-Hoc|ARM.ActiveCfg = Ad-Hoc|iPhone
		{C2995FC9-11FE-4A6B-A47A-7FAB37863C0E}.Ad-Hoc|iPhone.ActiveCfg = Ad-Hoc|iPhone
		{C2995FC9-11FE-4A6B-A47A-7FAB37863C0E}.Ad-Hoc|iPhone.Build.0 = Ad-Hoc|iPhone
		{C2995FC9-11FE-4A6B-A47A-7FAB37863C0E}.Ad-Hoc|iPhoneSimulator.ActiveCfg = Ad-Hoc|iPhoneSimulator
		{C2995FC9-11FE-4A6B-A47A-7FAB37863C0E}.Ad-Hoc|iPhoneSimulator.Build.0 = Ad-Hoc|iPhoneSimulator
		{C2995FC9-11FE-4A6B-A47A-7FAB37863C0E}.Ad-Hoc|x64.ActiveCfg = Ad-Hoc|iPhone
		{C2995FC9-11FE-4A6B-A47A-7FAB37863C0E}.Ad-Hoc|x86.ActiveCfg = Ad-Hoc|iPhone
		{C2995FC9-11FE-4A6B-A47A-7FAB37863C0E}.AppStore|Any CPU.ActiveCfg = AppStore|iPhone
		{C2995FC9-11FE-4A6B-A47A-7FAB37863C0E}.AppStore|ARM.ActiveCfg = AppStore|iPhone
		{C2995FC9-11FE-4A6B-A47A-7FAB37863C0E}.AppStore|iPhone.ActiveCfg = AppStore|iPhone
		{C2995FC9-11FE-4A6B-A47A-7FAB37863C0E}.AppStore|iPhone.Build.0 = AppStore|iPhone
		{C2995FC9-11FE-4A6B-A47A-7FAB37863C0E}.AppStore|iPhoneSimulator.ActiveCfg = AppStore|iPhoneSimulator
		{C2995FC9-11FE-4A6B-A47A-7FAB37863C0E}.AppStore|iPhoneSimulator.Build.0 = AppStore|iPhoneSimulator
		{C2995FC9-11FE-4A6B-A47A-7FAB37863C0E}.AppStore|x64.ActiveCfg = AppStore|iPhone
		{C2995FC9-11FE-4A6B-A47A-7FAB37863C0E}.AppStore|x86.ActiveCfg = AppStore|iPhone
		{C2995FC9-11FE-4A6B-A47A-7FAB37863C0E}.Debug|Any CPU.ActiveCfg = Debug|iPhone
		{C2995FC9-11FE-4A6B-A47A-7FAB37863C0E}.Debug|ARM.ActiveCfg = Debug|iPhone
		{C2995FC9-11FE-4A6B-A47A-7FAB37863C0E}.Debug|iPhone.ActiveCfg = Debug|iPhone
		{C2995FC9-11FE-4A6B-A47A-7FAB37863C0E}.Debug|iPhone.Build.0 = Debug|iPhone
		{C2995FC9-11FE-4A6B-A47A-7FAB37863C0E}.Debug|iPhoneSimulator.ActiveCfg = Debug|iPhoneSimulator
		{C2995FC9-11FE-4A6B-A47A-7FAB37863C0E}.Debug|iPhoneSimulator.Build.0 = Debug|iPhoneSimulator
		{C2995FC9-11FE-4A6B-A47A-7FAB37863C0E}.Debug|x64.ActiveCfg = Debug|iPhone
		{C2995FC9-11FE-4A6B-A47A-7FAB37863C0E}.Debug|x86.ActiveCfg = Debug|iPhone
		{C2995FC9-11FE-4A6B-A47A-7FAB37863C0E}.Release|Any CPU.ActiveCfg = Release|iPhone
		{C2995FC9-11FE-4A6B-A47A-7FAB37863C0E}.Release|ARM.ActiveCfg = Release|iPhone
		{C2995FC9-11FE-4A6B-A47A-7FAB37863C0E}.Release|iPhone.ActiveCfg = Release|iPhone
		{C2995FC9-11FE-4A6B-A47A-7FAB37863C0E}.Release|iPhone.Build.0 = Release|iPhone
		{C2995FC9-11FE-4A6B-A47A-7FAB37863C0E}.Release|iPhoneSimulator.ActiveCfg = Release|iPhoneSimulator
		{C2995FC9-11FE-4A6B-A47A-7FAB37863C0E}.Release|iPhoneSimulator.Build.0 = Release|iPhoneSimulator
		{C2995FC9-11FE-4A6B-A47A-7FAB37863C0E}.Release|x64.ActiveCfg = Release|iPhone
		{C2995FC9-11FE-4A6B-A47A-7FAB37863C0E}.Release|x86.ActiveCfg = Release|iPhone
	EndGlobalSection
	GlobalSection(SolutionProperties) = preSolution
		HideSolutionNode = FALSE
	EndGlobalSection
EndGlobal
